// !$*UTF8*$!
{
	archiveVersion = 1;
	classes = {
	};
	objectVersion = 50;
	objects = {

/* Begin PBXBuildFile section */
		AA32E08C243E057000CBBFF4 /* ProfileView.swift in Sources */ = {isa = PBXBuildFile; fileRef = AA32E08B243E057000CBBFF4 /* ProfileView.swift */; };
		AA32E08E243E079800CBBFF4 /* ImagePicker.swift in Sources */ = {isa = PBXBuildFile; fileRef = AA32E08D243E079800CBBFF4 /* ImagePicker.swift */; };
		AA350A3E243C7D11008476CF /* ForgotPasswordView.swift in Sources */ = {isa = PBXBuildFile; fileRef = AA350A3D243C7D11008476CF /* ForgotPasswordView.swift */; };
		AA350A40243C87E1008476CF /* RegisterMotherView.swift in Sources */ = {isa = PBXBuildFile; fileRef = AA350A3F243C87E1008476CF /* RegisterMotherView.swift */; };
		AA555D29246AD80200A32F64 /* AppTabView.swift in Sources */ = {isa = PBXBuildFile; fileRef = AA555D28246AD80200A32F64 /* AppTabView.swift */; };
		AA66C37824435FBE008475B5 /* SettingsView.swift in Sources */ = {isa = PBXBuildFile; fileRef = AA66C37724435FBE008475B5 /* SettingsView.swift */; };
		AA73D5A5244894AB00BA9041 /* MyText.swift in Sources */ = {isa = PBXBuildFile; fileRef = AA73D5A4244894AB00BA9041 /* MyText.swift */; };
		AA73D5A724489DCA00BA9041 /* MyImage.swift in Sources */ = {isa = PBXBuildFile; fileRef = AA73D5A624489DCA00BA9041 /* MyImage.swift */; };
		AA74CC76244B7D0700F6E100 /* TeamDetailView.swift in Sources */ = {isa = PBXBuildFile; fileRef = AA74CC75244B7D0700F6E100 /* TeamDetailView.swift */; };
		AA75CD812466E8CF00010989 /* MyNavigationButton.swift in Sources */ = {isa = PBXBuildFile; fileRef = AA75CD802466E8CF00010989 /* MyNavigationButton.swift */; };
		AA7B6B032449EB0000CD5527 /* ProjectsView.swift in Sources */ = {isa = PBXBuildFile; fileRef = AA7B6B022449EB0000CD5527 /* ProjectsView.swift */; };
		AA843E3E243B8571001B57B8 /* AppDelegate.swift in Sources */ = {isa = PBXBuildFile; fileRef = AA843E3D243B8571001B57B8 /* AppDelegate.swift */; };
		AA843E40243B8571001B57B8 /* SceneDelegate.swift in Sources */ = {isa = PBXBuildFile; fileRef = AA843E3F243B8571001B57B8 /* SceneDelegate.swift */; };
		AA843E42243B8571001B57B8 /* ContentView.swift in Sources */ = {isa = PBXBuildFile; fileRef = AA843E41243B8571001B57B8 /* ContentView.swift */; };
		AA843E44243B8571001B57B8 /* Assets.xcassets in Resources */ = {isa = PBXBuildFile; fileRef = AA843E43243B8571001B57B8 /* Assets.xcassets */; };
		AA843E47243B8571001B57B8 /* Preview Assets.xcassets in Resources */ = {isa = PBXBuildFile; fileRef = AA843E46243B8571001B57B8 /* Preview Assets.xcassets */; };
		AA843E4A243B8571001B57B8 /* LaunchScreen.storyboard in Resources */ = {isa = PBXBuildFile; fileRef = AA843E48243B8571001B57B8 /* LaunchScreen.storyboard */; };
		AA843E52243B85EB001B57B8 /* SignInView.swift in Sources */ = {isa = PBXBuildFile; fileRef = AA843E51243B85EB001B57B8 /* SignInView.swift */; };
		AA843E54243B8652001B57B8 /* Extensions.swift in Sources */ = {isa = PBXBuildFile; fileRef = AA843E53243B8652001B57B8 /* Extensions.swift */; };
		AA843E56243B9FEF001B57B8 /* MyTextField.swift in Sources */ = {isa = PBXBuildFile; fileRef = AA843E55243B9FEF001B57B8 /* MyTextField.swift */; };
		AA843E5A243BA529001B57B8 /* MySecureField.swift in Sources */ = {isa = PBXBuildFile; fileRef = AA843E59243BA529001B57B8 /* MySecureField.swift */; };
		AA843E5C243BC8CA001B57B8 /* SignUpView.swift in Sources */ = {isa = PBXBuildFile; fileRef = AA843E5B243BC8CA001B57B8 /* SignUpView.swift */; };
		AAE32906244A27A900A474F3 /* CreateProjectView.swift in Sources */ = {isa = PBXBuildFile; fileRef = AAE32905244A27A900A474F3 /* CreateProjectView.swift */; };
		AAF8CEA3244B1E0B00F19B20 /* TeamsView.swift in Sources */ = {isa = PBXBuildFile; fileRef = AAF8CEA2244B1E0B00F19B20 /* TeamsView.swift */; };
		AAF8CEA5244B415900F19B20 /* CreateTeamView.swift in Sources */ = {isa = PBXBuildFile; fileRef = AAF8CEA4244B415900F19B20 /* CreateTeamView.swift */; };
		AAF8CEA7244B427100F19B20 /* Team.swift in Sources */ = {isa = PBXBuildFile; fileRef = AAF8CEA6244B427100F19B20 /* Team.swift */; };
/* End PBXBuildFile section */

/* Begin PBXFileReference section */
		AA32E08B243E057000CBBFF4 /* ProfileView.swift */ = {isa = PBXFileReference; lastKnownFileType = sourcecode.swift; path = ProfileView.swift; sourceTree = "<group>"; };
		AA32E08D243E079800CBBFF4 /* ImagePicker.swift */ = {isa = PBXFileReference; lastKnownFileType = sourcecode.swift; path = ImagePicker.swift; sourceTree = "<group>"; };
		AA350A3D243C7D11008476CF /* ForgotPasswordView.swift */ = {isa = PBXFileReference; lastKnownFileType = sourcecode.swift; path = ForgotPasswordView.swift; sourceTree = "<group>"; };
		AA350A3F243C87E1008476CF /* RegisterMotherView.swift */ = {isa = PBXFileReference; lastKnownFileType = sourcecode.swift; path = RegisterMotherView.swift; sourceTree = "<group>"; };
		AA555D28246AD80200A32F64 /* AppTabView.swift */ = {isa = PBXFileReference; lastKnownFileType = sourcecode.swift; path = AppTabView.swift; sourceTree = "<group>"; };
		AA66C37724435FBE008475B5 /* SettingsView.swift */ = {isa = PBXFileReference; lastKnownFileType = sourcecode.swift; path = SettingsView.swift; sourceTree = "<group>"; };
		AA73D5A4244894AB00BA9041 /* MyText.swift */ = {isa = PBXFileReference; lastKnownFileType = sourcecode.swift; path = MyText.swift; sourceTree = "<group>"; };
		AA73D5A624489DCA00BA9041 /* MyImage.swift */ = {isa = PBXFileReference; lastKnownFileType = sourcecode.swift; path = MyImage.swift; sourceTree = "<group>"; };
		AA74CC75244B7D0700F6E100 /* TeamDetailView.swift */ = {isa = PBXFileReference; lastKnownFileType = sourcecode.swift; path = TeamDetailView.swift; sourceTree = "<group>"; };
		AA75CD802466E8CF00010989 /* MyNavigationButton.swift */ = {isa = PBXFileReference; lastKnownFileType = sourcecode.swift; path = MyNavigationButton.swift; sourceTree = "<group>"; };
		AA7B6B022449EB0000CD5527 /* ProjectsView.swift */ = {isa = PBXFileReference; lastKnownFileType = sourcecode.swift; path = ProjectsView.swift; sourceTree = "<group>"; };
		AA843E3A243B8571001B57B8 /* STest.app */ = {isa = PBXFileReference; explicitFileType = wrapper.application; includeInIndex = 0; path = STest.app; sourceTree = BUILT_PRODUCTS_DIR; };
		AA843E3D243B8571001B57B8 /* AppDelegate.swift */ = {isa = PBXFileReference; lastKnownFileType = sourcecode.swift; path = AppDelegate.swift; sourceTree = "<group>"; };
		AA843E3F243B8571001B57B8 /* SceneDelegate.swift */ = {isa = PBXFileReference; lastKnownFileType = sourcecode.swift; path = SceneDelegate.swift; sourceTree = "<group>"; };
		AA843E41243B8571001B57B8 /* ContentView.swift */ = {isa = PBXFileReference; lastKnownFileType = sourcecode.swift; path = ContentView.swift; sourceTree = "<group>"; };
		AA843E43243B8571001B57B8 /* Assets.xcassets */ = {isa = PBXFileReference; lastKnownFileType = folder.assetcatalog; path = Assets.xcassets; sourceTree = "<group>"; };
		AA843E46243B8571001B57B8 /* Preview Assets.xcassets */ = {isa = PBXFileReference; lastKnownFileType = folder.assetcatalog; path = "Preview Assets.xcassets"; sourceTree = "<group>"; };
		AA843E49243B8571001B57B8 /* Base */ = {isa = PBXFileReference; lastKnownFileType = file.storyboard; name = Base; path = Base.lproj/LaunchScreen.storyboard; sourceTree = "<group>"; };
		AA843E4B243B8571001B57B8 /* Info.plist */ = {isa = PBXFileReference; lastKnownFileType = text.plist.xml; path = Info.plist; sourceTree = "<group>"; };
		AA843E51243B85EB001B57B8 /* SignInView.swift */ = {isa = PBXFileReference; lastKnownFileType = sourcecode.swift; path = SignInView.swift; sourceTree = "<group>"; };
		AA843E53243B8652001B57B8 /* Extensions.swift */ = {isa = PBXFileReference; lastKnownFileType = sourcecode.swift; path = Extensions.swift; sourceTree = "<group>"; };
		AA843E55243B9FEF001B57B8 /* MyTextField.swift */ = {isa = PBXFileReference; lastKnownFileType = sourcecode.swift; path = MyTextField.swift; sourceTree = "<group>"; };
		AA843E59243BA529001B57B8 /* MySecureField.swift */ = {isa = PBXFileReference; lastKnownFileType = sourcecode.swift; path = MySecureField.swift; sourceTree = "<group>"; };
		AA843E5B243BC8CA001B57B8 /* SignUpView.swift */ = {isa = PBXFileReference; lastKnownFileType = sourcecode.swift; path = SignUpView.swift; sourceTree = "<group>"; };
		AAE32905244A27A900A474F3 /* CreateProjectView.swift */ = {isa = PBXFileReference; lastKnownFileType = sourcecode.swift; path = CreateProjectView.swift; sourceTree = "<group>"; };
		AAF8CEA2244B1E0B00F19B20 /* TeamsView.swift */ = {isa = PBXFileReference; lastKnownFileType = sourcecode.swift; path = TeamsView.swift; sourceTree = "<group>"; };
		AAF8CEA4244B415900F19B20 /* CreateTeamView.swift */ = {isa = PBXFileReference; lastKnownFileType = sourcecode.swift; path = CreateTeamView.swift; sourceTree = "<group>"; };
		AAF8CEA6244B427100F19B20 /* Team.swift */ = {isa = PBXFileReference; lastKnownFileType = sourcecode.swift; path = Team.swift; sourceTree = "<group>"; };
/* End PBXFileReference section */

/* Begin PBXFrameworksBuildPhase section */
		AA843E37243B8571001B57B8 /* Frameworks */ = {
			isa = PBXFrameworksBuildPhase;
			buildActionMask = 2147483647;
			files = (
			);
			runOnlyForDeploymentPostprocessing = 0;
		};
/* End PBXFrameworksBuildPhase section */

/* Begin PBXGroup section */
		AA843E31243B8570001B57B8 = {
			isa = PBXGroup;
			children = (
				AA843E3C243B8571001B57B8 /* STest */,
				AA843E3B243B8571001B57B8 /* Products */,
			);
			sourceTree = "<group>";
		};
		AA843E3B243B8571001B57B8 /* Products */ = {
			isa = PBXGroup;
			children = (
				AA843E3A243B8571001B57B8 /* STest.app */,
			);
			name = Products;
			sourceTree = "<group>";
		};
		AA843E3C243B8571001B57B8 /* STest */ = {
			isa = PBXGroup;
			children = (
				AA843E3D243B8571001B57B8 /* AppDelegate.swift */,
				AA843E3F243B8571001B57B8 /* SceneDelegate.swift */,
				AA843E41243B8571001B57B8 /* ContentView.swift */,
				AA350A3F243C87E1008476CF /* RegisterMotherView.swift */,
				AA843E51243B85EB001B57B8 /* SignInView.swift */,
				AA843E5B243BC8CA001B57B8 /* SignUpView.swift */,
				AA350A3D243C7D11008476CF /* ForgotPasswordView.swift */,
				AA555D28246AD80200A32F64 /* AppTabView.swift */,
				AA32E08B243E057000CBBFF4 /* ProfileView.swift */,
				AA66C37724435FBE008475B5 /* SettingsView.swift */,
				AAF8CEA2244B1E0B00F19B20 /* TeamsView.swift */,
				AA74CC75244B7D0700F6E100 /* TeamDetailView.swift */,
				AAF8CEA6244B427100F19B20 /* Team.swift */,
				AAF8CEA4244B415900F19B20 /* CreateTeamView.swift */,
				AA7B6B022449EB0000CD5527 /* ProjectsView.swift */,
				AAE32905244A27A900A474F3 /* CreateProjectView.swift */,
				AA32E08D243E079800CBBFF4 /* ImagePicker.swift */,
				AA75CD802466E8CF00010989 /* MyNavigationButton.swift */,
				AA843E55243B9FEF001B57B8 /* MyTextField.swift */,
				AA843E59243BA529001B57B8 /* MySecureField.swift */,
				AA73D5A4244894AB00BA9041 /* MyText.swift */,
				AA73D5A624489DCA00BA9041 /* MyImage.swift */,
				AA843E53243B8652001B57B8 /* Extensions.swift */,
				AA843E43243B8571001B57B8 /* Assets.xcassets */,
				AA843E48243B8571001B57B8 /* LaunchScreen.storyboard */,
				AA843E4B243B8571001B57B8 /* Info.plist */,
				AA843E45243B8571001B57B8 /* Preview Content */,
			);
			path = STest;
			sourceTree = "<group>";
		};
		AA843E45243B8571001B57B8 /* Preview Content */ = {
			isa = PBXGroup;
			children = (
				AA843E46243B8571001B57B8 /* Preview Assets.xcassets */,
			);
			path = "Preview Content";
			sourceTree = "<group>";
		};
/* End PBXGroup section */

/* Begin PBXNativeTarget section */
		AA843E39243B8571001B57B8 /* STest */ = {
			isa = PBXNativeTarget;
			buildConfigurationList = AA843E4E243B8571001B57B8 /* Build configuration list for PBXNativeTarget "STest" */;
			buildPhases = (
				AA843E36243B8571001B57B8 /* Sources */,
				AA843E37243B8571001B57B8 /* Frameworks */,
				AA843E38243B8571001B57B8 /* Resources */,
			);
			buildRules = (
			);
			dependencies = (
			);
			name = STest;
			productName = STest;
			productReference = AA843E3A243B8571001B57B8 /* STest.app */;
			productType = "com.apple.product-type.application";
		};
/* End PBXNativeTarget section */

/* Begin PBXProject section */
		AA843E32243B8570001B57B8 /* Project object */ = {
			isa = PBXProject;
			attributes = {
				LastSwiftUpdateCheck = 1140;
				LastUpgradeCheck = 1140;
				ORGANIZATIONNAME = "Mehmet Karaaslan";
				TargetAttributes = {
					AA843E39243B8571001B57B8 = {
						CreatedOnToolsVersion = 11.4;
					};
				};
			};
			buildConfigurationList = AA843E35243B8570001B57B8 /* Build configuration list for PBXProject "STest" */;
			compatibilityVersion = "Xcode 9.3";
			developmentRegion = en;
			hasScannedForEncodings = 0;
			knownRegions = (
				en,
				Base,
			);
			mainGroup = AA843E31243B8570001B57B8;
			productRefGroup = AA843E3B243B8571001B57B8 /* Products */;
			projectDirPath = "";
			projectRoot = "";
			targets = (
				AA843E39243B8571001B57B8 /* STest */,
			);
		};
/* End PBXProject section */

/* Begin PBXResourcesBuildPhase section */
		AA843E38243B8571001B57B8 /* Resources */ = {
			isa = PBXResourcesBuildPhase;
			buildActionMask = 2147483647;
			files = (
				AA843E4A243B8571001B57B8 /* LaunchScreen.storyboard in Resources */,
				AA843E47243B8571001B57B8 /* Preview Assets.xcassets in Resources */,
				AA843E44243B8571001B57B8 /* Assets.xcassets in Resources */,
			);
			runOnlyForDeploymentPostprocessing = 0;
		};
/* End PBXResourcesBuildPhase section */

/* Begin PBXSourcesBuildPhase section */
		AA843E36243B8571001B57B8 /* Sources */ = {
			isa = PBXSourcesBuildPhase;
			buildActionMask = 2147483647;
			files = (
				AA73D5A5244894AB00BA9041 /* MyText.swift in Sources */,
				AAF8CEA5244B415900F19B20 /* CreateTeamView.swift in Sources */,
				AA843E5A243BA529001B57B8 /* MySecureField.swift in Sources */,
				AA7B6B032449EB0000CD5527 /* ProjectsView.swift in Sources */,
				AA843E54243B8652001B57B8 /* Extensions.swift in Sources */,
				AA555D29246AD80200A32F64 /* AppTabView.swift in Sources */,
				AA350A40243C87E1008476CF /* RegisterMotherView.swift in Sources */,
				AA74CC76244B7D0700F6E100 /* TeamDetailView.swift in Sources */,
				AA843E56243B9FEF001B57B8 /* MyTextField.swift in Sources */,
				AA843E3E243B8571001B57B8 /* AppDelegate.swift in Sources */,
				AA75CD812466E8CF00010989 /* MyNavigationButton.swift in Sources */,
				AAF8CEA7244B427100F19B20 /* Team.swift in Sources */,
				AA843E5C243BC8CA001B57B8 /* SignUpView.swift in Sources */,
				AA73D5A724489DCA00BA9041 /* MyImage.swift in Sources */,
				AAF8CEA3244B1E0B00F19B20 /* TeamsView.swift in Sources */,
				AA843E40243B8571001B57B8 /* SceneDelegate.swift in Sources */,
				AAE32906244A27A900A474F3 /* CreateProjectView.swift in Sources */,
				AA32E08C243E057000CBBFF4 /* ProfileView.swift in Sources */,
				AA843E42243B8571001B57B8 /* ContentView.swift in Sources */,
				AA32E08E243E079800CBBFF4 /* ImagePicker.swift in Sources */,
				AA350A3E243C7D11008476CF /* ForgotPasswordView.swift in Sources */,
				AA843E52243B85EB001B57B8 /* SignInView.swift in Sources */,
				AA66C37824435FBE008475B5 /* SettingsView.swift in Sources */,
			);
			runOnlyForDeploymentPostprocessing = 0;
		};
/* End PBXSourcesBuildPhase section */

/* Begin PBXVariantGroup section */
		AA843E48243B8571001B57B8 /* LaunchScreen.storyboard */ = {
			isa = PBXVariantGroup;
			children = (
				AA843E49243B8571001B57B8 /* Base */,
			);
			name = LaunchScreen.storyboard;
			sourceTree = "<group>";
		};
/* End PBXVariantGroup section */

/* Begin XCBuildConfiguration section */
		AA843E4C243B8571001B57B8 /* Debug */ = {
			isa = XCBuildConfiguration;
			buildSettings = {
				ALWAYS_SEARCH_USER_PATHS = NO;
				CLANG_ANALYZER_NONNULL = YES;
				CLANG_ANALYZER_NUMBER_OBJECT_CONVERSION = YES_AGGRESSIVE;
				CLANG_CXX_LANGUAGE_STANDARD = "gnu++14";
				CLANG_CXX_LIBRARY = "libc++";
				CLANG_ENABLE_MODULES = YES;
				CLANG_ENABLE_OBJC_ARC = YES;
				CLANG_ENABLE_OBJC_WEAK = YES;
				CLANG_WARN_BLOCK_CAPTURE_AUTORELEASING = YES;
				CLANG_WARN_BOOL_CONVERSION = YES;
				CLANG_WARN_COMMA = YES;
				CLANG_WARN_CONSTANT_CONVERSION = YES;
				CLANG_WARN_DEPRECATED_OBJC_IMPLEMENTATIONS = YES;
				CLANG_WARN_DIRECT_OBJC_ISA_USAGE = YES_ERROR;
				CLANG_WARN_DOCUMENTATION_COMMENTS = YES;
				CLANG_WARN_EMPTY_BODY = YES;
				CLANG_WARN_ENUM_CONVERSION = YES;
				CLANG_WARN_INFINITE_RECURSION = YES;
				CLANG_WARN_INT_CONVERSION = YES;
				CLANG_WARN_NON_LITERAL_NULL_CONVERSION = YES;
				CLANG_WARN_OBJC_IMPLICIT_RETAIN_SELF = YES;
				CLANG_WARN_OBJC_LITERAL_CONVERSION = YES;
				CLANG_WARN_OBJC_ROOT_CLASS = YES_ERROR;
				CLANG_WARN_RANGE_LOOP_ANALYSIS = YES;
				CLANG_WARN_STRICT_PROTOTYPES = YES;
				CLANG_WARN_SUSPICIOUS_MOVE = YES;
				CLANG_WARN_UNGUARDED_AVAILABILITY = YES_AGGRESSIVE;
				CLANG_WARN_UNREACHABLE_CODE = YES;
				CLANG_WARN__DUPLICATE_METHOD_MATCH = YES;
				COPY_PHASE_STRIP = NO;
				DEBUG_INFORMATION_FORMAT = dwarf;
				ENABLE_STRICT_OBJC_MSGSEND = YES;
				ENABLE_TESTABILITY = YES;
				GCC_C_LANGUAGE_STANDARD = gnu11;
				GCC_DYNAMIC_NO_PIC = NO;
				GCC_NO_COMMON_BLOCKS = YES;
				GCC_OPTIMIZATION_LEVEL = 0;
				GCC_PREPROCESSOR_DEFINITIONS = (
					"DEBUG=1",
					"$(inherited)",
				);
				GCC_WARN_64_TO_32_BIT_CONVERSION = YES;
				GCC_WARN_ABOUT_RETURN_TYPE = YES_ERROR;
				GCC_WARN_UNDECLARED_SELECTOR = YES;
				GCC_WARN_UNINITIALIZED_AUTOS = YES_AGGRESSIVE;
				GCC_WARN_UNUSED_FUNCTION = YES;
				GCC_WARN_UNUSED_VARIABLE = YES;
				IPHONEOS_DEPLOYMENT_TARGET = 13.4;
				MTL_ENABLE_DEBUG_INFO = INCLUDE_SOURCE;
				MTL_FAST_MATH = YES;
				ONLY_ACTIVE_ARCH = YES;
				SDKROOT = iphoneos;
				SWIFT_ACTIVE_COMPILATION_CONDITIONS = DEBUG;
				SWIFT_OPTIMIZATION_LEVEL = "-Onone";
			};
			name = Debug;
		};
		AA843E4D243B8571001B57B8 /* Release */ = {
			isa = XCBuildConfiguration;
			buildSettings = {
				ALWAYS_SEARCH_USER_PATHS = NO;
				CLANG_ANALYZER_NONNULL = YES;
				CLANG_ANALYZER_NUMBER_OBJECT_CONVERSION = YES_AGGRESSIVE;
				CLANG_CXX_LANGUAGE_STANDARD = "gnu++14";
				CLANG_CXX_LIBRARY = "libc++";
				CLANG_ENABLE_MODULES = YES;
				CLANG_ENABLE_OBJC_ARC = YES;
				CLANG_ENABLE_OBJC_WEAK = YES;
				CLANG_WARN_BLOCK_CAPTURE_AUTORELEASING = YES;
				CLANG_WARN_BOOL_CONVERSION = YES;
				CLANG_WARN_COMMA = YES;
				CLANG_WARN_CONSTANT_CONVERSION = YES;
				CLANG_WARN_DEPRECATED_OBJC_IMPLEMENTATIONS = YES;
				CLANG_WARN_DIRECT_OBJC_ISA_USAGE = YES_ERROR;
				CLANG_WARN_DOCUMENTATION_COMMENTS = YES;
				CLANG_WARN_EMPTY_BODY = YES;
				CLANG_WARN_ENUM_CONVERSION = YES;
				CLANG_WARN_INFINITE_RECURSION = YES;
				CLANG_WARN_INT_CONVERSION = YES;
				CLANG_WARN_NON_LITERAL_NULL_CONVERSION = YES;
				CLANG_WARN_OBJC_IMPLICIT_RETAIN_SELF = YES;
				CLANG_WARN_OBJC_LITERAL_CONVERSION = YES;
				CLANG_WARN_OBJC_ROOT_CLASS = YES_ERROR;
				CLANG_WARN_RANGE_LOOP_ANALYSIS = YES;
				CLANG_WARN_STRICT_PROTOTYPES = YES;
				CLANG_WARN_SUSPICIOUS_MOVE = YES;
				CLANG_WARN_UNGUARDED_AVAILABILITY = YES_AGGRESSIVE;
				CLANG_WARN_UNREACHABLE_CODE = YES;
				CLANG_WARN__DUPLICATE_METHOD_MATCH = YES;
				COPY_PHASE_STRIP = NO;
				DEBUG_INFORMATION_FORMAT = "dwarf-with-dsym";
				ENABLE_NS_ASSERTIONS = NO;
				ENABLE_STRICT_OBJC_MSGSEND = YES;
				GCC_C_LANGUAGE_STANDARD = gnu11;
				GCC_NO_COMMON_BLOCKS = YES;
				GCC_WARN_64_TO_32_BIT_CONVERSION = YES;
				GCC_WARN_ABOUT_RETURN_TYPE = YES_ERROR;
				GCC_WARN_UNDECLARED_SELECTOR = YES;
				GCC_WARN_UNINITIALIZED_AUTOS = YES_AGGRESSIVE;
				GCC_WARN_UNUSED_FUNCTION = YES;
				GCC_WARN_UNUSED_VARIABLE = YES;
				IPHONEOS_DEPLOYMENT_TARGET = 13.4;
				MTL_ENABLE_DEBUG_INFO = NO;
				MTL_FAST_MATH = YES;
				SDKROOT = iphoneos;
				SWIFT_COMPILATION_MODE = wholemodule;
				SWIFT_OPTIMIZATION_LEVEL = "-O";
				VALIDATE_PRODUCT = YES;
			};
			name = Release;
		};
		AA843E4F243B8571001B57B8 /* Debug */ = {
			isa = XCBuildConfiguration;
			buildSettings = {
				ASSETCATALOG_COMPILER_APPICON_NAME = AppIcon;
				CODE_SIGN_STYLE = Automatic;
				DEVELOPMENT_ASSET_PATHS = "\"STest/Preview Content\"";
				DEVELOPMENT_TEAM = 537C8L4LTN;
				ENABLE_PREVIEWS = YES;
				INFOPLIST_FILE = STest/Info.plist;
				LD_RUNPATH_SEARCH_PATHS = (
					"$(inherited)",
					"@executable_path/Frameworks",
				);
				PRODUCT_BUNDLE_IDENTIFIER = MrKaraaslan.STest;
				PRODUCT_NAME = "$(TARGET_NAME)";
				SWIFT_VERSION = 5.0;
				TARGETED_DEVICE_FAMILY = "1,2";
			};
			name = Debug;
		};
		AA843E50243B8571001B57B8 /* Release */ = {
			isa = XCBuildConfiguration;
			buildSettings = {
				ASSETCATALOG_COMPILER_APPICON_NAME = AppIcon;
				CODE_SIGN_STYLE = Automatic;
				DEVELOPMENT_ASSET_PATHS = "\"STest/Preview Content\"";
				DEVELOPMENT_TEAM = 537C8L4LTN;
				ENABLE_PREVIEWS = YES;
				INFOPLIST_FILE = STest/Info.plist;
				LD_RUNPATH_SEARCH_PATHS = (
					"$(inherited)",
					"@executable_path/Frameworks",
				);
				PRODUCT_BUNDLE_IDENTIFIER = MrKaraaslan.STest;
				PRODUCT_NAME = "$(TARGET_NAME)";
				SWIFT_VERSION = 5.0;
				TARGETED_DEVICE_FAMILY = "1,2";
			};
			name = Release;
		};
/* End XCBuildConfiguration section */

/* Begin XCConfigurationList section */
		AA843E35243B8570001B57B8 /* Build configuration list for PBXProject "STest" */ = {
			isa = XCConfigurationList;
			buildConfigurations = (
				AA843E4C243B8571001B57B8 /* Debug */,
				AA843E4D243B8571001B57B8 /* Release */,
			);
			defaultConfigurationIsVisible = 0;
			defaultConfigurationName = Release;
		};
		AA843E4E243B8571001B57B8 /* Build configuration list for PBXNativeTarget "STest" */ = {
			isa = XCConfigurationList;
			buildConfigurations = (
				AA843E4F243B8571001B57B8 /* Debug */,
				AA843E50243B8571001B57B8 /* Release */,
			);
			defaultConfigurationIsVisible = 0;
			defaultConfigurationName = Release;
		};
/* End XCConfigurationList section */
	};
	rootObject = AA843E32243B8570001B57B8 /* Project object */;
}
